{
  "name": "framework",
  "lockfileVersion": 2,
  "requires": true,
  "packages": {
    "": {
      "dependencies": {
        "@popperjs/core": "^2.11.6",
        "focus-trap": "^7.1.0"
      }
    },
    "node_modules/@popperjs/core": {
      "version": "2.11.6",
      "resolved": "https://registry.npmjs.org/@popperjs/core/-/core-2.11.6.tgz",
      "integrity": "sha512-50/17A98tWUfQ176raKiOGXuYpLyyVMkxxG6oylzL3BPOlA6ADGdK7EYunSa4I064xerltq9TGXs8HmOk5E+vw==",
      "funding": {
        "type": "opencollective",
        "url": "https://opencollective.com/popperjs"
      }
    },
    "node_modules/focus-trap": {
      "version": "7.1.0",
      "resolved": "https://registry.npmjs.org/focus-trap/-/focus-trap-7.1.0.tgz",
      "integrity": "sha512-CuJvwUBfJCWcU6fc4xr3UwMF5vWnox4isXAixCwrPzCsPKOQjP9T+nTlYT2t+vOmQL8MOQ16eim99XhjQHAuiQ==",
      "dependencies": {
        "tabbable": "^6.0.1"
      }
    },
    "node_modules/tabbable": {
      "version": "6.0.1",
      "resolved": "https://registry.npmjs.org/tabbable/-/tabbable-6.0.1.tgz",
      "integrity": "sha512-SYJSIgeyXW7EuX1ytdneO5e8jip42oHWg9xl/o3oTYhmXusZVgiA+VlPvjIN+kHii9v90AmzTZEBcsEvuAY+TA=="
    }
  },
  "dependencies": {
    "@popperjs/core": {
      "version": "2.11.6",
      "resolved": "https://registry.npmjs.org/@popperjs/core/-/core-2.11.6.tgz",
      "integrity": "sha512-50/17A98tWUfQ176raKiOGXuYpLyyVMkxxG6oylzL3BPOlA6ADGdK7EYunSa4I064xerltq9TGXs8HmOk5E+vw=="
    },
    "focus-trap": {
      "version": "7.1.0",
      "resolved": "https://registry.npmjs.org/focus-trap/-/focus-trap-7.1.0.tgz",
      "integrity": "sha512-CuJvwUBfJCWcU6fc4xr3UwMF5vWnox4isXAixCwrPzCsPKOQjP9T+nTlYT2t+vOmQL8MOQ16eim99XhjQHAuiQ==",
      "requires": {
        "tabbable": "^6.0.1"
      }
    },
    "tabbable": {
      "version": "6.0.1",
      "resolved": "https://registry.npmjs.org/tabbable/-/tabbable-6.0.1.tgz",
      "integrity": "sha512-SYJSIgeyXW7EuX1ytdneO5e8jip42oHWg9xl/o3oTYhmXusZVgiA+VlPvjIN+kHii9v90AmzTZEBcsEvuAY+TA=="
    }
  }
}
